
Microsoft Visual Studio Solution File, Format Version 12.00
# Visual Studio Version 16
VisualStudioVersion = 16.0.30011.22
MinimumVisualStudioVersion = 10.0.40219.1
Project("{2150E333-8FDC-42A3-9474-1A3956D46DE8}") = "Source", "Source", "{EC5D4CFC-9EEC-4530-96E8-1E48D771B00F}"
EndProject
Project("{2150E333-8FDC-42A3-9474-1A3956D46DE8}") = "Tests", "Tests", "{6B7608D5-7B52-496F-9015-E08ACCBE24E6}"
EndProject
Project("{9A19103F-16F7-4668-BE54-9A1E7A4F7556}") = "Interfaces", "Source\Interfaces\Interfaces.csproj", "{F5431210-092D-45A7-A110-093F9E3510E8}"
EndProject
Project("{9A19103F-16F7-4668-BE54-9A1E7A4F7556}") = "User.API", "Source\User.API\User.API.csproj", "{98C0C4B8-D267-434D-950D-8D2577F432EF}"
EndProject
Project("{9A19103F-16F7-4668-BE54-9A1E7A4F7556}") = "DataContext", "Source\DataContext\DataContext.csproj", "{8C36899B-A39E-4BBA-915D-7B91F5E1AC3F}"
EndProject
Project("{9A19103F-16F7-4668-BE54-9A1E7A4F7556}") = "Repository", "Source\Repository\Repository.csproj", "{6CC50834-AE3C-47EB-94ED-16DCDF4071F0}"
EndProject
Project("{9A19103F-16F7-4668-BE54-9A1E7A4F7556}") = "Service", "Source\Service\Service.csproj", "{F45030F6-10CB-4C68-8065-06E7E4EA4779}"
EndProject
Project("{9A19103F-16F7-4668-BE54-9A1E7A4F7556}") = "Model", "Source\Model\Model.csproj", "{DA3FA4D3-ACFF-4B6E-8242-4EA110A8FE0A}"
EndProject
Project("{FAE04EC0-301F-11D3-BF4B-00C04F79EFBC}") = "UnitOfWork", "Source\UnitOfWork\UnitOfWork.csproj", "{1AA3448B-CEC8-4C59-A810-8AAE844C95EC}"
EndProject
Project("{FAE04EC0-301F-11D3-BF4B-00C04F79EFBC}") = "TestUserApi", "Test\TestUserApi\TestUserApi.csproj", "{67DA99B7-7DA7-48E2-BA41-C8AA2C627000}"
EndProject
Global
	GlobalSection(SolutionConfigurationPlatforms) = preSolution
		Debug|Any CPU = Debug|Any CPU
		Release|Any CPU = Release|Any CPU
	EndGlobalSection
	GlobalSection(ProjectConfigurationPlatforms) = postSolution
		{F5431210-092D-45A7-A110-093F9E3510E8}.Debug|Any CPU.ActiveCfg = Debug|Any CPU
		{F5431210-092D-45A7-A110-093F9E3510E8}.Debug|Any CPU.Build.0 = Debug|Any CPU
		{F5431210-092D-45A7-A110-093F9E3510E8}.Release|Any CPU.ActiveCfg = Release|Any CPU
		{F5431210-092D-45A7-A110-093F9E3510E8}.Release|Any CPU.Build.0 = Release|Any CPU
		{98C0C4B8-D267-434D-950D-8D2577F432EF}.Debug|Any CPU.ActiveCfg = Debug|Any CPU
		{98C0C4B8-D267-434D-950D-8D2577F432EF}.Debug|Any CPU.Build.0 = Debug|Any CPU
		{98C0C4B8-D267-434D-950D-8D2577F432EF}.Release|Any CPU.ActiveCfg = Release|Any CPU
		{98C0C4B8-D267-434D-950D-8D2577F432EF}.Release|Any CPU.Build.0 = Release|Any CPU
		{8C36899B-A39E-4BBA-915D-7B91F5E1AC3F}.Debug|Any CPU.ActiveCfg = Debug|Any CPU
		{8C36899B-A39E-4BBA-915D-7B91F5E1AC3F}.Debug|Any CPU.Build.0 = Debug|Any CPU
		{8C36899B-A39E-4BBA-915D-7B91F5E1AC3F}.Release|Any CPU.ActiveCfg = Release|Any CPU
		{8C36899B-A39E-4BBA-915D-7B91F5E1AC3F}.Release|Any CPU.Build.0 = Release|Any CPU
		{6CC50834-AE3C-47EB-94ED-16DCDF4071F0}.Debug|Any CPU.ActiveCfg = Debug|Any CPU
		{6CC50834-AE3C-47EB-94ED-16DCDF4071F0}.Debug|Any CPU.Build.0 = Debug|Any CPU
		{6CC50834-AE3C-47EB-94ED-16DCDF4071F0}.Release|Any CPU.ActiveCfg = Release|Any CPU
		{6CC50834-AE3C-47EB-94ED-16DCDF4071F0}.Release|Any CPU.Build.0 = Release|Any CPU
		{F45030F6-10CB-4C68-8065-06E7E4EA4779}.Debug|Any CPU.ActiveCfg = Debug|Any CPU
		{F45030F6-10CB-4C68-8065-06E7E4EA4779}.Debug|Any CPU.Build.0 = Debug|Any CPU
		{F45030F6-10CB-4C68-8065-06E7E4EA4779}.Release|Any CPU.ActiveCfg = Release|Any CPU
		{F45030F6-10CB-4C68-8065-06E7E4EA4779}.Release|Any CPU.Build.0 = Release|Any CPU
		{DA3FA4D3-ACFF-4B6E-8242-4EA110A8FE0A}.Debug|Any CPU.ActiveCfg = Debug|Any CPU
		{DA3FA4D3-ACFF-4B6E-8242-4EA110A8FE0A}.Debug|Any CPU.Build.0 = Debug|Any CPU
		{DA3FA4D3-ACFF-4B6E-8242-4EA110A8FE0A}.Release|Any CPU.ActiveCfg = Release|Any CPU
		{DA3FA4D3-ACFF-4B6E-8242-4EA110A8FE0A}.Release|Any CPU.Build.0 = Release|Any CPU
		{1AA3448B-CEC8-4C59-A810-8AAE844C95EC}.Debug|Any CPU.ActiveCfg = Debug|Any CPU
		{1AA3448B-CEC8-4C59-A810-8AAE844C95EC}.Debug|Any CPU.Build.0 = Debug|Any CPU
		{1AA3448B-CEC8-4C59-A810-8AAE844C95EC}.Release|Any CPU.ActiveCfg = Release|Any CPU
		{1AA3448B-CEC8-4C59-A810-8AAE844C95EC}.Release|Any CPU.Build.0 = Release|Any CPU
		{67DA99B7-7DA7-48E2-BA41-C8AA2C627000}.Debug|Any CPU.ActiveCfg = Debug|Any CPU
		{67DA99B7-7DA7-48E2-BA41-C8AA2C627000}.Debug|Any CPU.Build.0 = Debug|Any CPU
		{67DA99B7-7DA7-48E2-BA41-C8AA2C627000}.Release|Any CPU.ActiveCfg = Release|Any CPU
		{67DA99B7-7DA7-48E2-BA41-C8AA2C627000}.Release|Any CPU.Build.0 = Release|Any CPU
	EndGlobalSection
	GlobalSection(SolutionProperties) = preSolution
		HideSolutionNode = FALSE
	EndGlobalSection
	GlobalSection(NestedProjects) = preSolution
		{F5431210-092D-45A7-A110-093F9E3510E8} = {EC5D4CFC-9EEC-4530-96E8-1E48D771B00F}
		{98C0C4B8-D267-434D-950D-8D2577F432EF} = {EC5D4CFC-9EEC-4530-96E8-1E48D771B00F}
		{8C36899B-A39E-4BBA-915D-7B91F5E1AC3F} = {EC5D4CFC-9EEC-4530-96E8-1E48D771B00F}
		{6CC50834-AE3C-47EB-94ED-16DCDF4071F0} = {EC5D4CFC-9EEC-4530-96E8-1E48D771B00F}
		{F45030F6-10CB-4C68-8065-06E7E4EA4779} = {EC5D4CFC-9EEC-4530-96E8-1E48D771B00F}
		{DA3FA4D3-ACFF-4B6E-8242-4EA110A8FE0A} = {EC5D4CFC-9EEC-4530-96E8-1E48D771B00F}
		{1AA3448B-CEC8-4C59-A810-8AAE844C95EC} = {EC5D4CFC-9EEC-4530-96E8-1E48D771B00F}
		{67DA99B7-7DA7-48E2-BA41-C8AA2C627000} = {6B7608D5-7B52-496F-9015-E08ACCBE24E6}
	EndGlobalSection
	GlobalSection(ExtensibilityGlobals) = postSolution
		SolutionGuid = {7D5527A7-3858-40B2-9F17-6FAF1D35CDA1}
	EndGlobalSection
EndGlobal
